// !$*UTF8*$!
{
	archiveVersion = 1;
	classes = {
	};
	objectVersion = 46;
	objects = {

/* Begin PBXBuildFile section */
		F44D55741578B7FB000FB764 /* UIKit.framework in Frameworks */ = {isa = PBXBuildFile; fileRef = F44D55731578B7FB000FB764 /* UIKit.framework */; };
		F44D55761578B7FB000FB764 /* Foundation.framework in Frameworks */ = {isa = PBXBuildFile; fileRef = F44D55751578B7FB000FB764 /* Foundation.framework */; };
		F44D55781578B7FB000FB764 /* CoreGraphics.framework in Frameworks */ = {isa = PBXBuildFile; fileRef = F44D55771578B7FB000FB764 /* CoreGraphics.framework */; };
		F44D557E1578B7FB000FB764 /* InfoPlist.strings in Resources */ = {isa = PBXBuildFile; fileRef = F44D557C1578B7FB000FB764 /* InfoPlist.strings */; };
		F44D55801578B7FB000FB764 /* main.m in Sources */ = {isa = PBXBuildFile; fileRef = F44D557F1578B7FB000FB764 /* main.m */; };
		F44D55841578B7FB000FB764 /* TwitterClientAppDelegate.m in Sources */ = {isa = PBXBuildFile; fileRef = F44D55831578B7FB000FB764 /* TwitterClientAppDelegate.m */; };
		F44D55871578B7FB000FB764 /* MainStoryboard_iPhone.storyboard in Resources */ = {isa = PBXBuildFile; fileRef = F44D55851578B7FB000FB764 /* MainStoryboard_iPhone.storyboard */; };
		F44D558A1578B7FB000FB764 /* MainStoryboard_iPad.storyboard in Resources */ = {isa = PBXBuildFile; fileRef = F44D55881578B7FB000FB764 /* MainStoryboard_iPad.storyboard */; };
		F44D55951578BADC000FB764 /* TwitterClientMenuViewController.m in Sources */ = {isa = PBXBuildFile; fileRef = F44D55941578BADC000FB764 /* TwitterClientMenuViewController.m */; };
		F44D55981578BB2C000FB764 /* TwitterClientUtility.m in Sources */ = {isa = PBXBuildFile; fileRef = F44D55971578BB2C000FB764 /* TwitterClientUtility.m */; };
		F44D559A1578BB59000FB764 /* Twitter.framework in Frameworks */ = {isa = PBXBuildFile; fileRef = F44D55991578BB59000FB764 /* Twitter.framework */; };
		F44D559C1578BB70000FB764 /* Accounts.framework in Frameworks */ = {isa = PBXBuildFile; fileRef = F44D559B1578BB70000FB764 /* Accounts.framework */; };
		F44D55A31578C52E000FB764 /* LoginNormal.png in Resources */ = {isa = PBXBuildFile; fileRef = F44D55A11578C52E000FB764 /* LoginNormal.png */; };
		F44D55A41578C52E000FB764 /* LoginNormal@2x.png in Resources */ = {isa = PBXBuildFile; fileRef = F44D55A21578C52E000FB764 /* LoginNormal@2x.png */; };
		F44D55AE1579F487000FB764 /* Base64Encoder.m in Sources */ = {isa = PBXBuildFile; fileRef = F44D55AD1579F3BE000FB764 /* Base64Encoder.m */; };
		F44D55CE157BAF73000FB764 /* TwitterAccountsViewController.m in Sources */ = {isa = PBXBuildFile; fileRef = F44D55CD157BAF73000FB764 /* TwitterAccountsViewController.m */; };
		F4745C34157C68130058461D /* DZUIAlertUtility.m in Sources */ = {isa = PBXBuildFile; fileRef = F4745C33157C68130058461D /* DZUIAlertUtility.m */; };
		F4745C3A157C68500058461D /* DZUIImagePickerUtility.m in Sources */ = {isa = PBXBuildFile; fileRef = F4745C38157C68500058461D /* DZUIImagePickerUtility.m */; };
		F4745C3B157C68500058461D /* DZUIActivityIndicatorUtility.m in Sources */ = {isa = PBXBuildFile; fileRef = F4745C39157C68500058461D /* DZUIActivityIndicatorUtility.m */; };
		F4745C40157C78080058461D /* MobileCoreServices.framework in Frameworks */ = {isa = PBXBuildFile; fileRef = F4745C3F157C78080058461D /* MobileCoreServices.framework */; };
		F4745C46157C7D5C0058461D /* SimpleImageViewController.m in Sources */ = {isa = PBXBuildFile; fileRef = F4745C45157C7D5C0058461D /* SimpleImageViewController.m */; };
/* End PBXBuildFile section */

/* Begin PBXFileReference section */
		F44D556F1578B7FB000FB764 /* TwitterClient.app */ = {isa = PBXFileReference; explicitFileType = wrapper.application; includeInIndex = 0; path = TwitterClient.app; sourceTree = BUILT_PRODUCTS_DIR; };
		F44D55731578B7FB000FB764 /* UIKit.framework */ = {isa = PBXFileReference; lastKnownFileType = wrapper.framework; name = UIKit.framework; path = System/Library/Frameworks/UIKit.framework; sourceTree = SDKROOT; };
		F44D55751578B7FB000FB764 /* Foundation.framework */ = {isa = PBXFileReference; lastKnownFileType = wrapper.framework; name = Foundation.framework; path = System/Library/Frameworks/Foundation.framework; sourceTree = SDKROOT; };
		F44D55771578B7FB000FB764 /* CoreGraphics.framework */ = {isa = PBXFileReference; lastKnownFileType = wrapper.framework; name = CoreGraphics.framework; path = System/Library/Frameworks/CoreGraphics.framework; sourceTree = SDKROOT; };
		F44D557B1578B7FB000FB764 /* TwitterClient-Info.plist */ = {isa = PBXFileReference; lastKnownFileType = text.plist.xml; path = "TwitterClient-Info.plist"; sourceTree = "<group>"; };
		F44D557D1578B7FB000FB764 /* en */ = {isa = PBXFileReference; lastKnownFileType = text.plist.strings; name = en; path = en.lproj/InfoPlist.strings; sourceTree = "<group>"; };
		F44D557F1578B7FB000FB764 /* main.m */ = {isa = PBXFileReference; lastKnownFileType = sourcecode.c.objc; path = main.m; sourceTree = "<group>"; };
		F44D55811578B7FB000FB764 /* TwitterClient-Prefix.pch */ = {isa = PBXFileReference; lastKnownFileType = sourcecode.c.h; path = "TwitterClient-Prefix.pch"; sourceTree = "<group>"; };
		F44D55821578B7FB000FB764 /* TwitterClientAppDelegate.h */ = {isa = PBXFileReference; lastKnownFileType = sourcecode.c.h; path = TwitterClientAppDelegate.h; sourceTree = "<group>"; };
		F44D55831578B7FB000FB764 /* TwitterClientAppDelegate.m */ = {isa = PBXFileReference; lastKnownFileType = sourcecode.c.objc; path = TwitterClientAppDelegate.m; sourceTree = "<group>"; };
		F44D55861578B7FB000FB764 /* en */ = {isa = PBXFileReference; lastKnownFileType = file.storyboard; name = en; path = en.lproj/MainStoryboard_iPhone.storyboard; sourceTree = "<group>"; };
		F44D55891578B7FB000FB764 /* en */ = {isa = PBXFileReference; lastKnownFileType = file.storyboard; name = en; path = en.lproj/MainStoryboard_iPad.storyboard; sourceTree = "<group>"; };
		F44D55931578BADC000FB764 /* TwitterClientMenuViewController.h */ = {isa = PBXFileReference; fileEncoding = 4; lastKnownFileType = sourcecode.c.h; path = TwitterClientMenuViewController.h; sourceTree = "<group>"; };
		F44D55941578BADC000FB764 /* TwitterClientMenuViewController.m */ = {isa = PBXFileReference; fileEncoding = 4; lastKnownFileType = sourcecode.c.objc; path = TwitterClientMenuViewController.m; sourceTree = "<group>"; };
		F44D55961578BB2C000FB764 /* TwitterClientUtility.h */ = {isa = PBXFileReference; fileEncoding = 4; lastKnownFileType = sourcecode.c.h; path = TwitterClientUtility.h; sourceTree = "<group>"; };
		F44D55971578BB2C000FB764 /* TwitterClientUtility.m */ = {isa = PBXFileReference; fileEncoding = 4; lastKnownFileType = sourcecode.c.objc; path = TwitterClientUtility.m; sourceTree = "<group>"; };
		F44D55991578BB59000FB764 /* Twitter.framework */ = {isa = PBXFileReference; lastKnownFileType = wrapper.framework; name = Twitter.framework; path = System/Library/Frameworks/Twitter.framework; sourceTree = SDKROOT; };
		F44D559B1578BB70000FB764 /* Accounts.framework */ = {isa = PBXFileReference; lastKnownFileType = wrapper.framework; name = Accounts.framework; path = System/Library/Frameworks/Accounts.framework; sourceTree = SDKROOT; };
		F44D55A11578C52E000FB764 /* LoginNormal.png */ = {isa = PBXFileReference; lastKnownFileType = image.png; path = LoginNormal.png; sourceTree = "<group>"; };
		F44D55A21578C52E000FB764 /* LoginNormal@2x.png */ = {isa = PBXFileReference; lastKnownFileType = image.png; path = "LoginNormal@2x.png"; sourceTree = "<group>"; };
		F44D55AC1579F3BE000FB764 /* Base64Encoder.h */ = {isa = PBXFileReference; lastKnownFileType = sourcecode.c.h; path = Base64Encoder.h; sourceTree = "<group>"; };
		F44D55AD1579F3BE000FB764 /* Base64Encoder.m */ = {isa = PBXFileReference; lastKnownFileType = sourcecode.c.objc; path = Base64Encoder.m; sourceTree = "<group>"; };
		F44D55CC157BAF73000FB764 /* TwitterAccountsViewController.h */ = {isa = PBXFileReference; fileEncoding = 4; lastKnownFileType = sourcecode.c.h; path = TwitterAccountsViewController.h; sourceTree = "<group>"; };
		F44D55CD157BAF73000FB764 /* TwitterAccountsViewController.m */ = {isa = PBXFileReference; fileEncoding = 4; lastKnownFileType = sourcecode.c.objc; path = TwitterAccountsViewController.m; sourceTree = "<group>"; };
		F4745C33157C68130058461D /* DZUIAlertUtility.m */ = {isa = PBXFileReference; fileEncoding = 4; lastKnownFileType = sourcecode.c.objc; path = DZUIAlertUtility.m; sourceTree = "<group>"; };
		F4745C36157C68280058461D /* DZUIAlertUtility.h */ = {isa = PBXFileReference; fileEncoding = 4; lastKnownFileType = sourcecode.c.h; path = DZUIAlertUtility.h; sourceTree = "<group>"; };
		F4745C37157C68500058461D /* DZUIImagePickerUtility.h */ = {isa = PBXFileReference; fileEncoding = 4; lastKnownFileType = sourcecode.c.h; path = DZUIImagePickerUtility.h; sourceTree = "<group>"; };
		F4745C38157C68500058461D /* DZUIImagePickerUtility.m */ = {isa = PBXFileReference; fileEncoding = 4; lastKnownFileType = sourcecode.c.objc; path = DZUIImagePickerUtility.m; sourceTree = "<group>"; };
		F4745C39157C68500058461D /* DZUIActivityIndicatorUtility.m */ = {isa = PBXFileReference; fileEncoding = 4; lastKnownFileType = sourcecode.c.objc; path = DZUIActivityIndicatorUtility.m; sourceTree = "<group>"; };
		F4745C3C157C68620058461D /* DZUIActivityIndicatorUtility.h */ = {isa = PBXFileReference; fileEncoding = 4; lastKnownFileType = sourcecode.c.h; path = DZUIActivityIndicatorUtility.h; sourceTree = "<group>"; };
		F4745C3D157C77E90058461D /* CoreImage.framework */ = {isa = PBXFileReference; lastKnownFileType = wrapper.framework; name = CoreImage.framework; path = System/Library/Frameworks/CoreImage.framework; sourceTree = SDKROOT; };
		F4745C3F157C78080058461D /* MobileCoreServices.framework */ = {isa = PBXFileReference; lastKnownFileType = wrapper.framework; name = MobileCoreServices.framework; path = System/Library/Frameworks/MobileCoreServices.framework; sourceTree = SDKROOT; };
		F4745C44157C7D5C0058461D /* SimpleImageViewController.h */ = {isa = PBXFileReference; fileEncoding = 4; lastKnownFileType = sourcecode.c.h; path = SimpleImageViewController.h; sourceTree = "<group>"; };
		F4745C45157C7D5C0058461D /* SimpleImageViewController.m */ = {isa = PBXFileReference; fileEncoding = 4; lastKnownFileType = sourcecode.c.objc; path = SimpleImageViewController.m; sourceTree = "<group>"; };
/* End PBXFileReference section */

/* Begin PBXFrameworksBuildPhase section */
		F44D556C1578B7FB000FB764 /* Frameworks */ = {
			isa = PBXFrameworksBuildPhase;
			buildActionMask = 2147483647;
			files = (
				F4745C40157C78080058461D /* MobileCoreServices.framework in Frameworks */,
				F44D559C1578BB70000FB764 /* Accounts.framework in Frameworks */,
				F44D559A1578BB59000FB764 /* Twitter.framework in Frameworks */,
				F44D55741578B7FB000FB764 /* UIKit.framework in Frameworks */,
				F44D55761578B7FB000FB764 /* Foundation.framework in Frameworks */,
				F44D55781578B7FB000FB764 /* CoreGraphics.framework in Frameworks */,
			);
			runOnlyForDeploymentPostprocessing = 0;
		};
/* End PBXFrameworksBuildPhase section */

/* Begin PBXGroup section */
		F44D55641578B7FB000FB764 = {
			isa = PBXGroup;
			children = (
				F4745C3F157C78080058461D /* MobileCoreServices.framework */,
				F4745C3D157C77E90058461D /* CoreImage.framework */,
				F44D55791578B7FB000FB764 /* TwitterClient */,
				F44D55721578B7FB000FB764 /* Frameworks */,
				F44D55701578B7FB000FB764 /* Products */,
			);
			sourceTree = "<group>";
		};
		F44D55701578B7FB000FB764 /* Products */ = {
			isa = PBXGroup;
			children = (
				F44D556F1578B7FB000FB764 /* TwitterClient.app */,
			);
			name = Products;
			sourceTree = "<group>";
		};
		F44D55721578B7FB000FB764 /* Frameworks */ = {
			isa = PBXGroup;
			children = (
				F44D559B1578BB70000FB764 /* Accounts.framework */,
				F44D55991578BB59000FB764 /* Twitter.framework */,
				F44D55731578B7FB000FB764 /* UIKit.framework */,
				F44D55751578B7FB000FB764 /* Foundation.framework */,
				F44D55771578B7FB000FB764 /* CoreGraphics.framework */,
			);
			name = Frameworks;
			sourceTree = "<group>";
		};
		F44D55791578B7FB000FB764 /* TwitterClient */ = {
			isa = PBXGroup;
			children = (
				F44D55821578B7FB000FB764 /* TwitterClientAppDelegate.h */,
				F44D55831578B7FB000FB764 /* TwitterClientAppDelegate.m */,
				F44D55851578B7FB000FB764 /* MainStoryboard_iPhone.storyboard */,
				F44D55881578B7FB000FB764 /* MainStoryboard_iPad.storyboard */,
				F44D557A1578B7FB000FB764 /* Supporting Files */,
				F4745C43157C7D1E0058461D /* ViewControllers */,
				F4745C41157C7CFA0058461D /* Images */,
				F4745C42157C7D090058461D /* Utilities */,
			);
			path = TwitterClient;
			sourceTree = "<group>";
		};
		F44D557A1578B7FB000FB764 /* Supporting Files */ = {
			isa = PBXGroup;
			children = (
				F44D557B1578B7FB000FB764 /* TwitterClient-Info.plist */,
				F44D557C1578B7FB000FB764 /* InfoPlist.strings */,
				F44D557F1578B7FB000FB764 /* main.m */,
				F44D55811578B7FB000FB764 /* TwitterClient-Prefix.pch */,
			);
			name = "Supporting Files";
			sourceTree = "<group>";
		};
		F4745C41157C7CFA0058461D /* Images */ = {
			isa = PBXGroup;
			children = (
				F44D55A11578C52E000FB764 /* LoginNormal.png */,
				F44D55A21578C52E000FB764 /* LoginNormal@2x.png */,
			);
			name = Images;
			sourceTree = "<group>";
		};
		F4745C42157C7D090058461D /* Utilities */ = {
			isa = PBXGroup;
			children = (
				F44D55AC1579F3BE000FB764 /* Base64Encoder.h */,
				F44D55AD1579F3BE000FB764 /* Base64Encoder.m */,
				F4745C36157C68280058461D /* DZUIAlertUtility.h */,
				F4745C33157C68130058461D /* DZUIAlertUtility.m */,
				F4745C37157C68500058461D /* DZUIImagePickerUtility.h */,
				F4745C38157C68500058461D /* DZUIImagePickerUtility.m */,
				F4745C3C157C68620058461D /* DZUIActivityIndicatorUtility.h */,
				F4745C39157C68500058461D /* DZUIActivityIndicatorUtility.m */,
			);
			name = Utilities;
			sourceTree = "<group>";
		};
		F4745C43157C7D1E0058461D /* ViewControllers */ = {
			isa = PBXGroup;
			children = (
				F44D55931578BADC000FB764 /* TwitterClientMenuViewController.h */,
				F44D55941578BADC000FB764 /* TwitterClientMenuViewController.m */,
				F44D55CC157BAF73000FB764 /* TwitterAccountsViewController.h */,
				F44D55CD157BAF73000FB764 /* TwitterAccountsViewController.m */,
				F44D55961578BB2C000FB764 /* TwitterClientUtility.h */,
				F44D55971578BB2C000FB764 /* TwitterClientUtility.m */,
				F4745C44157C7D5C0058461D /* SimpleImageViewController.h */,
				F4745C45157C7D5C0058461D /* SimpleImageViewController.m */,
			);
			name = ViewControllers;
			sourceTree = "<group>";
		};
/* End PBXGroup section */

/* Begin PBXNativeTarget section */
		F44D556E1578B7FB000FB764 /* TwitterClient */ = {
			isa = PBXNativeTarget;
			buildConfigurationList = F44D55901578B7FB000FB764 /* Build configuration list for PBXNativeTarget "TwitterClient" */;
			buildPhases = (
				F44D556B1578B7FB000FB764 /* Sources */,
				F44D556C1578B7FB000FB764 /* Frameworks */,
				F44D556D1578B7FB000FB764 /* Resources */,
			);
			buildRules = (
			);
			dependencies = (
			);
			name = TwitterClient;
			productName = TwitterClient;
			productReference = F44D556F1578B7FB000FB764 /* TwitterClient.app */;
			productType = "com.apple.product-type.application";
		};
/* End PBXNativeTarget section */

/* Begin PBXProject section */
		F44D55661578B7FB000FB764 /* Project object */ = {
			isa = PBXProject;
			attributes = {
				CLASSPREFIX = TwitterClient;
				LastUpgradeCheck = 0430;
				ORGANIZATIONNAME = iosappdev.co.kr;
			};
			buildConfigurationList = F44D55691578B7FB000FB764 /* Build configuration list for PBXProject "TwitterClient" */;
			compatibilityVersion = "Xcode 3.2";
			developmentRegion = English;
			hasScannedForEncodings = 0;
			knownRegions = (
				en,
			);
			mainGroup = F44D55641578B7FB000FB764;
			productRefGroup = F44D55701578B7FB000FB764 /* Products */;
			projectDirPath = "";
			projectRoot = "";
			targets = (
				F44D556E1578B7FB000FB764 /* TwitterClient */,
			);
		};
/* End PBXProject section */

/* Begin PBXResourcesBuildPhase section */
		F44D556D1578B7FB000FB764 /* Resources */ = {
			isa = PBXResourcesBuildPhase;
			buildActionMask = 2147483647;
			files = (
				F44D557E1578B7FB000FB764 /* InfoPlist.strings in Resources */,
				F44D55871578B7FB000FB764 /* MainStoryboard_iPhone.storyboard in Resources */,
				F44D558A1578B7FB000FB764 /* MainStoryboard_iPad.storyboard in Resources */,
				F44D55A31578C52E000FB764 /* LoginNormal.png in Resources */,
				F44D55A41578C52E000FB764 /* LoginNormal@2x.png in Resources */,
			);
			runOnlyForDeploymentPostprocessing = 0;
		};
/* End PBXResourcesBuildPhase section */

/* Begin PBXSourcesBuildPhase section */
		F44D556B1578B7FB000FB764 /* Sources */ = {
			isa = PBXSourcesBuildPhase;
			buildActionMask = 2147483647;
			files = (
				F44D55801578B7FB000FB764 /* main.m in Sources */,
				F44D55841578B7FB000FB764 /* TwitterClientAppDelegate.m in Sources */,
				F44D55951578BADC000FB764 /* TwitterClientMenuViewController.m in Sources */,
				F44D55981578BB2C000FB764 /* TwitterClientUtility.m in Sources */,
				F44D55AE1579F487000FB764 /* Base64Encoder.m in Sources */,
				F44D55CE157BAF73000FB764 /* TwitterAccountsViewController.m in Sources */,
				F4745C34157C68130058461D /* DZUIAlertUtility.m in Sources */,
				F4745C3A157C68500058461D /* DZUIImagePickerUtility.m in Sources */,
				F4745C3B157C68500058461D /* DZUIActivityIndicatorUtility.m in Sources */,
				F4745C46157C7D5C0058461D /* SimpleImageViewController.m in Sources */,
			);
			runOnlyForDeploymentPostprocessing = 0;
		};
/* End PBXSourcesBuildPhase section */

/* Begin PBXVariantGroup section */
		F44D557C1578B7FB000FB764 /* InfoPlist.strings */ = {
			isa = PBXVariantGroup;
			children = (
				F44D557D1578B7FB000FB764 /* en */,
			);
			name = InfoPlist.strings;
			sourceTree = "<group>";
		};
		F44D55851578B7FB000FB764 /* MainStoryboard_iPhone.storyboard */ = {
			isa = PBXVariantGroup;
			children = (
				F44D55861578B7FB000FB764 /* en */,
			);
			name = MainStoryboard_iPhone.storyboard;
			sourceTree = "<group>";
		};
		F44D55881578B7FB000FB764 /* MainStoryboard_iPad.storyboard */ = {
			isa = PBXVariantGroup;
			children = (
				F44D55891578B7FB000FB764 /* en */,
			);
			name = MainStoryboard_iPad.storyboard;
			sourceTree = "<group>";
		};
/* End PBXVariantGroup section */

/* Begin XCBuildConfiguration section */
		F44D558E1578B7FB000FB764 /* Debug */ = {
			isa = XCBuildConfiguration;
			buildSettings = {
				ALWAYS_SEARCH_USER_PATHS = NO;
				ARCHS = "$(ARCHS_STANDARD_32_BIT)";
				CLANG_ENABLE_OBJC_ARC = YES;
				"CODE_SIGN_IDENTITY[sdk=iphoneos*]" = "iPhone Developer";
				COPY_PHASE_STRIP = NO;
				GCC_C_LANGUAGE_STANDARD = gnu99;
				GCC_DYNAMIC_NO_PIC = NO;
				GCC_OPTIMIZATION_LEVEL = 0;
				GCC_PREPROCESSOR_DEFINITIONS = (
					"DEBUG=1",
					"$(inherited)",
				);
				GCC_SYMBOLS_PRIVATE_EXTERN = NO;
				GCC_VERSION = com.apple.compilers.llvm.clang.1_0;
				GCC_WARN_ABOUT_RETURN_TYPE = YES;
				GCC_WARN_UNINITIALIZED_AUTOS = YES;
				GCC_WARN_UNUSED_VARIABLE = YES;
				IPHONEOS_DEPLOYMENT_TARGET = 5.1;
				SDKROOT = iphoneos;
				TARGETED_DEVICE_FAMILY = "1,2";
			};
			name = Debug;
		};
		F44D558F1578B7FB000FB764 /* Release */ = {
			isa = XCBuildConfiguration;
			buildSettings = {
				ALWAYS_SEARCH_USER_PATHS = NO;
				ARCHS = "$(ARCHS_STANDARD_32_BIT)";
				CLANG_ENABLE_OBJC_ARC = YES;
				"CODE_SIGN_IDENTITY[sdk=iphoneos*]" = "iPhone Developer";
				COPY_PHASE_STRIP = YES;
				GCC_C_LANGUAGE_STANDARD = gnu99;
				GCC_VERSION = com.apple.compilers.llvm.clang.1_0;
				GCC_WARN_ABOUT_RETURN_TYPE = YES;
				GCC_WARN_UNINITIALIZED_AUTOS = YES;
				GCC_WARN_UNUSED_VARIABLE = YES;
				IPHONEOS_DEPLOYMENT_TARGET = 5.1;
				OTHER_CFLAGS = "-DNS_BLOCK_ASSERTIONS=1";
				SDKROOT = iphoneos;
				TARGETED_DEVICE_FAMILY = "1,2";
				VALIDATE_PRODUCT = YES;
			};
			name = Release;
		};
		F44D55911578B7FB000FB764 /* Debug */ = {
			isa = XCBuildConfiguration;
			buildSettings = {
				GCC_PRECOMPILE_PREFIX_HEADER = YES;
				GCC_PREFIX_HEADER = "TwitterClient/TwitterClient-Prefix.pch";
				INFOPLIST_FILE = "TwitterClient/TwitterClient-Info.plist";
				PRODUCT_NAME = "$(TARGET_NAME)";
				WRAPPER_EXTENSION = app;
			};
			name = Debug;
		};
		F44D55921578B7FB000FB764 /* Release */ = {
			isa = XCBuildConfiguration;
			buildSettings = {
				GCC_PRECOMPILE_PREFIX_HEADER = YES;
				GCC_PREFIX_HEADER = "TwitterClient/TwitterClient-Prefix.pch";
				INFOPLIST_FILE = "TwitterClient/TwitterClient-Info.plist";
				PRODUCT_NAME = "$(TARGET_NAME)";
				WRAPPER_EXTENSION = app;
			};
			name = Release;
		};
/* End XCBuildConfiguration section */

/* Begin XCConfigurationList section */
		F44D55691578B7FB000FB764 /* Build configuration list for PBXProject "TwitterClient" */ = {
			isa = XCConfigurationList;
			buildConfigurations = (
				F44D558E1578B7FB000FB764 /* Debug */,
				F44D558F1578B7FB000FB764 /* Release */,
			);
			defaultConfigurationIsVisible = 0;
			defaultConfigurationName = Release;
		};
		F44D55901578B7FB000FB764 /* Build configuration list for PBXNativeTarget "TwitterClient" */ = {
			isa = XCConfigurationList;
			buildConfigurations = (
				F44D55911578B7FB000FB764 /* Debug */,
				F44D55921578B7FB000FB764 /* Release */,
			);
			defaultConfigurationIsVisible = 0;
			defaultConfigurationName = Release;
		};
/* End XCConfigurationList section */
	};
	rootObject = F44D55661578B7FB000FB764 /* Project object */;
}
