// !$*UTF8*$!
{
	archiveVersion = 1;
	classes = {
	};
	objectVersion = 46;
	objects = {

/* Begin PBXBuildFile section */
		F44D55741578B7FB000FB764 /* UIKit.framework in Frameworks */ = {isa = PBXBuildFile; fileRef = F44D55731578B7FB000FB764 /* UIKit.framework */; };
		F44D55761578B7FB000FB764 /* Foundation.framework in Frameworks */ = {isa = PBXBuildFile; fileRef = F44D55751578B7FB000FB764 /* Foundation.framework */; };
		F44D55781578B7FB000FB764 /* CoreGraphics.framework in Frameworks */ = {isa = PBXBuildFile; fileRef = F44D55771578B7FB000FB764 /* CoreGraphics.framework */; };
		F44D557E1578B7FB000FB764 /* InfoPlist.strings in Resources */ = {isa = PBXBuildFile; fileRef = F44D557C1578B7FB000FB764 /* InfoPlist.strings */; };
		F44D55801578B7FB000FB764 /* main.m in Sources */ = {isa = PBXBuildFile; fileRef = F44D557F1578B7FB000FB764 /* main.m */; };
		F44D55841578B7FB000FB764 /* SNSClientAppDelegate.m in Sources */ = {isa = PBXBuildFile; fileRef = F44D55831578B7FB000FB764 /* SNSClientAppDelegate.m */; };
		F44D55871578B7FB000FB764 /* MainStoryboard_iPhone.storyboard in Resources */ = {isa = PBXBuildFile; fileRef = F44D55851578B7FB000FB764 /* MainStoryboard_iPhone.storyboard */; };
		F44D558A1578B7FB000FB764 /* MainStoryboard_iPad.storyboard in Resources */ = {isa = PBXBuildFile; fileRef = F44D55881578B7FB000FB764 /* MainStoryboard_iPad.storyboard */; };
		F44D55951578BADC000FB764 /* TwitterClientMenuViewController.m in Sources */ = {isa = PBXBuildFile; fileRef = F44D55941578BADC000FB764 /* TwitterClientMenuViewController.m */; };
		F44D55981578BB2C000FB764 /* TwitterClientUtility.m in Sources */ = {isa = PBXBuildFile; fileRef = F44D55971578BB2C000FB764 /* TwitterClientUtility.m */; };
		F44D559A1578BB59000FB764 /* Twitter.framework in Frameworks */ = {isa = PBXBuildFile; fileRef = F44D55991578BB59000FB764 /* Twitter.framework */; };
		F44D559C1578BB70000FB764 /* Accounts.framework in Frameworks */ = {isa = PBXBuildFile; fileRef = F44D559B1578BB70000FB764 /* Accounts.framework */; };
		F44D55A31578C52E000FB764 /* LoginNormal.png in Resources */ = {isa = PBXBuildFile; fileRef = F44D55A11578C52E000FB764 /* LoginNormal.png */; };
		F44D55A41578C52E000FB764 /* LoginNormal@2x.png in Resources */ = {isa = PBXBuildFile; fileRef = F44D55A21578C52E000FB764 /* LoginNormal@2x.png */; };
		F44D55AE1579F487000FB764 /* Base64Encoder.m in Sources */ = {isa = PBXBuildFile; fileRef = F44D55AD1579F3BE000FB764 /* Base64Encoder.m */; };
		F44D55CE157BAF73000FB764 /* TwitterAccountsViewController.m in Sources */ = {isa = PBXBuildFile; fileRef = F44D55CD157BAF73000FB764 /* TwitterAccountsViewController.m */; };
		F4745C34157C68130058461D /* DZUIAlertUtility.m in Sources */ = {isa = PBXBuildFile; fileRef = F4745C33157C68130058461D /* DZUIAlertUtility.m */; };
		F4745C3A157C68500058461D /* DZUIImagePickerUtility.m in Sources */ = {isa = PBXBuildFile; fileRef = F4745C38157C68500058461D /* DZUIImagePickerUtility.m */; };
		F4745C3B157C68500058461D /* DZUIActivityIndicatorUtility.m in Sources */ = {isa = PBXBuildFile; fileRef = F4745C39157C68500058461D /* DZUIActivityIndicatorUtility.m */; };
		F4745C40157C78080058461D /* MobileCoreServices.framework in Frameworks */ = {isa = PBXBuildFile; fileRef = F4745C3F157C78080058461D /* MobileCoreServices.framework */; };
		F4745C46157C7D5C0058461D /* SimpleImageViewController.m in Sources */ = {isa = PBXBuildFile; fileRef = F4745C45157C7D5C0058461D /* SimpleImageViewController.m */; };
		F4983819158C97C70078AE93 /* facebook.png in Resources */ = {isa = PBXBuildFile; fileRef = F4983815158C97C70078AE93 /* facebook.png */; };
		F498381A158C97C70078AE93 /* facebook@2x.png in Resources */ = {isa = PBXBuildFile; fileRef = F4983816158C97C70078AE93 /* facebook@2x.png */; };
		F498381B158C97C70078AE93 /* Twitter.png in Resources */ = {isa = PBXBuildFile; fileRef = F4983817158C97C70078AE93 /* Twitter.png */; };
		F498381C158C97C70078AE93 /* Twitter@2x.png in Resources */ = {isa = PBXBuildFile; fileRef = F4983818158C97C70078AE93 /* Twitter@2x.png */; };
		F498382F158CA3640078AE93 /* FBDialog.bundle in Resources */ = {isa = PBXBuildFile; fileRef = F4983822158CA3640078AE93 /* FBDialog.bundle */; };
		F4983830158CA3640078AE93 /* libfacebook_ios_sdk.a in Frameworks */ = {isa = PBXBuildFile; fileRef = F4983828158CA3640078AE93 /* libfacebook_ios_sdk.a */; };
		F4983834158CAD880078AE93 /* SNSFBMenuViewController.m in Sources */ = {isa = PBXBuildFile; fileRef = F4983833158CAD880078AE93 /* SNSFBMenuViewController.m */; };
		F4983836158CAE3E0078AE93 /* FBConnect.bundle in Resources */ = {isa = PBXBuildFile; fileRef = F4983835158CAE3E0078AE93 /* FBConnect.bundle */; };
		F4983839158CCD960078AE93 /* FBOGUtility.m in Sources */ = {isa = PBXBuildFile; fileRef = F4983838158CC8100078AE93 /* FBOGUtility.m */; };
		F4B1D6E1158ADDAF0080BFEA /* blockquote.png in Resources */ = {isa = PBXBuildFile; fileRef = F4B1D6DF158ADDAF0080BFEA /* blockquote.png */; };
		F4B1D6E2158ADDAF0080BFEA /* blockquote@2x.png in Resources */ = {isa = PBXBuildFile; fileRef = F4B1D6E0158ADDAF0080BFEA /* blockquote@2x.png */; };
		F4B1D6E6158ADDCA0080BFEA /* camera.png in Resources */ = {isa = PBXBuildFile; fileRef = F4B1D6E4158ADDCA0080BFEA /* camera.png */; };
		F4B1D6E7158ADDCA0080BFEA /* camera@2x.png in Resources */ = {isa = PBXBuildFile; fileRef = F4B1D6E5158ADDCA0080BFEA /* camera@2x.png */; };
		F4B1D6E9158ADF2D0080BFEA /* paint.png in Resources */ = {isa = PBXBuildFile; fileRef = F4B1D6E8158ADF2D0080BFEA /* paint.png */; };
		F4B1D6EB158ADF560080BFEA /* paint@2x.png in Resources */ = {isa = PBXBuildFile; fileRef = F4B1D6EA158ADF560080BFEA /* paint@2x.png */; };
		F4B1D6FB158AE4630080BFEA /* cross.png in Resources */ = {isa = PBXBuildFile; fileRef = F4B1D6FA158AE4630080BFEA /* cross.png */; };
		F4B1D6FD158AE4930080BFEA /* cross@2x.png in Resources */ = {isa = PBXBuildFile; fileRef = F4B1D6FC158AE4930080BFEA /* cross@2x.png */; };
		F4B1D700158AF1BA0080BFEA /* ImageQuoteComposerViewController.m in Sources */ = {isa = PBXBuildFile; fileRef = F4B1D6FF158AF1B90080BFEA /* ImageQuoteComposerViewController.m */; };
		F4B1D703158AF1DF0080BFEA /* DZUISimpleColorPickerViewController.m in Sources */ = {isa = PBXBuildFile; fileRef = F4B1D702158AF1DF0080BFEA /* DZUISimpleColorPickerViewController.m */; };
		F4B1D708158B1A810080BFEA /* font.png in Resources */ = {isa = PBXBuildFile; fileRef = F4B1D707158B1A810080BFEA /* font.png */; };
		F4B1D70A158B1AA90080BFEA /* font@2x.png in Resources */ = {isa = PBXBuildFile; fileRef = F4B1D709158B1AA90080BFEA /* font@2x.png */; };
		F4B1D721158B26F60080BFEA /* DZUIFontPickerViewController.m in Sources */ = {isa = PBXBuildFile; fileRef = F4B1D720158B26F60080BFEA /* DZUIFontPickerViewController.m */; };
		F4B1D724158B2E640080BFEA /* DZUIFontPreviewCell.m in Sources */ = {isa = PBXBuildFile; fileRef = F4B1D723158B2E640080BFEA /* DZUIFontPreviewCell.m */; };
		F4F0DB33157CB58E00D03BA5 /* TwitterTimelineViewController.m in Sources */ = {isa = PBXBuildFile; fileRef = F4F0DB32157CB58E00D03BA5 /* TwitterTimelineViewController.m */; };
		F4F0DB37157CB5AE00D03BA5 /* TwitterStatusCell.m in Sources */ = {isa = PBXBuildFile; fileRef = F4F0DB36157CB5AE00D03BA5 /* TwitterStatusCell.m */; };
/* End PBXBuildFile section */

/* Begin PBXFileReference section */
		F44D556F1578B7FB000FB764 /* SNSClient.app */ = {isa = PBXFileReference; explicitFileType = wrapper.application; includeInIndex = 0; path = SNSClient.app; sourceTree = BUILT_PRODUCTS_DIR; };
		F44D55731578B7FB000FB764 /* UIKit.framework */ = {isa = PBXFileReference; lastKnownFileType = wrapper.framework; name = UIKit.framework; path = System/Library/Frameworks/UIKit.framework; sourceTree = SDKROOT; };
		F44D55751578B7FB000FB764 /* Foundation.framework */ = {isa = PBXFileReference; lastKnownFileType = wrapper.framework; name = Foundation.framework; path = System/Library/Frameworks/Foundation.framework; sourceTree = SDKROOT; };
		F44D55771578B7FB000FB764 /* CoreGraphics.framework */ = {isa = PBXFileReference; lastKnownFileType = wrapper.framework; name = CoreGraphics.framework; path = System/Library/Frameworks/CoreGraphics.framework; sourceTree = SDKROOT; };
		F44D557B1578B7FB000FB764 /* SNSClient-Info.plist */ = {isa = PBXFileReference; lastKnownFileType = text.plist.xml; path = "SNSClient-Info.plist"; sourceTree = "<group>"; };
		F44D557D1578B7FB000FB764 /* en */ = {isa = PBXFileReference; lastKnownFileType = text.plist.strings; name = en; path = en.lproj/InfoPlist.strings; sourceTree = "<group>"; };
		F44D557F1578B7FB000FB764 /* main.m */ = {isa = PBXFileReference; lastKnownFileType = sourcecode.c.objc; path = main.m; sourceTree = "<group>"; };
		F44D55811578B7FB000FB764 /* SNSClient-Prefix.pch */ = {isa = PBXFileReference; lastKnownFileType = sourcecode.c.h; path = "SNSClient-Prefix.pch"; sourceTree = "<group>"; };
		F44D55821578B7FB000FB764 /* SNSClientAppDelegate.h */ = {isa = PBXFileReference; lastKnownFileType = sourcecode.c.h; path = SNSClientAppDelegate.h; sourceTree = "<group>"; };
		F44D55831578B7FB000FB764 /* SNSClientAppDelegate.m */ = {isa = PBXFileReference; lastKnownFileType = sourcecode.c.objc; path = SNSClientAppDelegate.m; sourceTree = "<group>"; };
		F44D55861578B7FB000FB764 /* en */ = {isa = PBXFileReference; lastKnownFileType = file.storyboard; name = en; path = en.lproj/MainStoryboard_iPhone.storyboard; sourceTree = "<group>"; };
		F44D55891578B7FB000FB764 /* en */ = {isa = PBXFileReference; lastKnownFileType = file.storyboard; name = en; path = en.lproj/MainStoryboard_iPad.storyboard; sourceTree = "<group>"; };
		F44D55931578BADC000FB764 /* TwitterClientMenuViewController.h */ = {isa = PBXFileReference; fileEncoding = 4; lastKnownFileType = sourcecode.c.h; path = TwitterClientMenuViewController.h; sourceTree = "<group>"; };
		F44D55941578BADC000FB764 /* TwitterClientMenuViewController.m */ = {isa = PBXFileReference; fileEncoding = 4; lastKnownFileType = sourcecode.c.objc; path = TwitterClientMenuViewController.m; sourceTree = "<group>"; };
		F44D55961578BB2C000FB764 /* TwitterClientUtility.h */ = {isa = PBXFileReference; fileEncoding = 4; lastKnownFileType = sourcecode.c.h; path = TwitterClientUtility.h; sourceTree = "<group>"; };
		F44D55971578BB2C000FB764 /* TwitterClientUtility.m */ = {isa = PBXFileReference; fileEncoding = 4; lastKnownFileType = sourcecode.c.objc; path = TwitterClientUtility.m; sourceTree = "<group>"; };
		F44D55991578BB59000FB764 /* Twitter.framework */ = {isa = PBXFileReference; lastKnownFileType = wrapper.framework; name = Twitter.framework; path = System/Library/Frameworks/Twitter.framework; sourceTree = SDKROOT; };
		F44D559B1578BB70000FB764 /* Accounts.framework */ = {isa = PBXFileReference; lastKnownFileType = wrapper.framework; name = Accounts.framework; path = System/Library/Frameworks/Accounts.framework; sourceTree = SDKROOT; };
		F44D55A11578C52E000FB764 /* LoginNormal.png */ = {isa = PBXFileReference; lastKnownFileType = image.png; path = LoginNormal.png; sourceTree = "<group>"; };
		F44D55A21578C52E000FB764 /* LoginNormal@2x.png */ = {isa = PBXFileReference; lastKnownFileType = image.png; path = "LoginNormal@2x.png"; sourceTree = "<group>"; };
		F44D55AC1579F3BE000FB764 /* Base64Encoder.h */ = {isa = PBXFileReference; lastKnownFileType = sourcecode.c.h; path = Base64Encoder.h; sourceTree = "<group>"; };
		F44D55AD1579F3BE000FB764 /* Base64Encoder.m */ = {isa = PBXFileReference; lastKnownFileType = sourcecode.c.objc; path = Base64Encoder.m; sourceTree = "<group>"; };
		F44D55CC157BAF73000FB764 /* TwitterAccountsViewController.h */ = {isa = PBXFileReference; fileEncoding = 4; lastKnownFileType = sourcecode.c.h; path = TwitterAccountsViewController.h; sourceTree = "<group>"; };
		F44D55CD157BAF73000FB764 /* TwitterAccountsViewController.m */ = {isa = PBXFileReference; fileEncoding = 4; lastKnownFileType = sourcecode.c.objc; path = TwitterAccountsViewController.m; sourceTree = "<group>"; };
		F4745C33157C68130058461D /* DZUIAlertUtility.m */ = {isa = PBXFileReference; fileEncoding = 4; lastKnownFileType = sourcecode.c.objc; path = DZUIAlertUtility.m; sourceTree = "<group>"; };
		F4745C36157C68280058461D /* DZUIAlertUtility.h */ = {isa = PBXFileReference; fileEncoding = 4; lastKnownFileType = sourcecode.c.h; path = DZUIAlertUtility.h; sourceTree = "<group>"; };
		F4745C37157C68500058461D /* DZUIImagePickerUtility.h */ = {isa = PBXFileReference; fileEncoding = 4; lastKnownFileType = sourcecode.c.h; path = DZUIImagePickerUtility.h; sourceTree = "<group>"; };
		F4745C38157C68500058461D /* DZUIImagePickerUtility.m */ = {isa = PBXFileReference; fileEncoding = 4; lastKnownFileType = sourcecode.c.objc; path = DZUIImagePickerUtility.m; sourceTree = "<group>"; };
		F4745C39157C68500058461D /* DZUIActivityIndicatorUtility.m */ = {isa = PBXFileReference; fileEncoding = 4; lastKnownFileType = sourcecode.c.objc; path = DZUIActivityIndicatorUtility.m; sourceTree = "<group>"; };
		F4745C3C157C68620058461D /* DZUIActivityIndicatorUtility.h */ = {isa = PBXFileReference; fileEncoding = 4; lastKnownFileType = sourcecode.c.h; path = DZUIActivityIndicatorUtility.h; sourceTree = "<group>"; };
		F4745C3D157C77E90058461D /* CoreImage.framework */ = {isa = PBXFileReference; lastKnownFileType = wrapper.framework; name = CoreImage.framework; path = System/Library/Frameworks/CoreImage.framework; sourceTree = SDKROOT; };
		F4745C3F157C78080058461D /* MobileCoreServices.framework */ = {isa = PBXFileReference; lastKnownFileType = wrapper.framework; name = MobileCoreServices.framework; path = System/Library/Frameworks/MobileCoreServices.framework; sourceTree = SDKROOT; };
		F4745C44157C7D5C0058461D /* SimpleImageViewController.h */ = {isa = PBXFileReference; fileEncoding = 4; lastKnownFileType = sourcecode.c.h; path = SimpleImageViewController.h; sourceTree = "<group>"; };
		F4745C45157C7D5C0058461D /* SimpleImageViewController.m */ = {isa = PBXFileReference; fileEncoding = 4; lastKnownFileType = sourcecode.c.objc; path = SimpleImageViewController.m; sourceTree = "<group>"; };
		F4983815158C97C70078AE93 /* facebook.png */ = {isa = PBXFileReference; lastKnownFileType = image.png; path = facebook.png; sourceTree = "<group>"; };
		F4983816158C97C70078AE93 /* facebook@2x.png */ = {isa = PBXFileReference; lastKnownFileType = image.png; path = "facebook@2x.png"; sourceTree = "<group>"; };
		F4983817158C97C70078AE93 /* Twitter.png */ = {isa = PBXFileReference; lastKnownFileType = image.png; path = Twitter.png; sourceTree = "<group>"; };
		F4983818158C97C70078AE93 /* Twitter@2x.png */ = {isa = PBXFileReference; lastKnownFileType = image.png; path = "Twitter@2x.png"; sourceTree = "<group>"; };
		F4983820158CA3640078AE93 /* Facebook.h */ = {isa = PBXFileReference; fileEncoding = 4; lastKnownFileType = sourcecode.c.h; path = Facebook.h; sourceTree = "<group>"; };
		F4983821158CA3640078AE93 /* FBConnect.h */ = {isa = PBXFileReference; fileEncoding = 4; lastKnownFileType = sourcecode.c.h; path = FBConnect.h; sourceTree = "<group>"; };
		F4983822158CA3640078AE93 /* FBDialog.bundle */ = {isa = PBXFileReference; lastKnownFileType = "wrapper.plug-in"; path = FBDialog.bundle; sourceTree = "<group>"; };
		F4983823158CA3640078AE93 /* FBDialog.h */ = {isa = PBXFileReference; fileEncoding = 4; lastKnownFileType = sourcecode.c.h; path = FBDialog.h; sourceTree = "<group>"; };
		F4983824158CA3640078AE93 /* FBFrictionlessRequestSettings.h */ = {isa = PBXFileReference; fileEncoding = 4; lastKnownFileType = sourcecode.c.h; path = FBFrictionlessRequestSettings.h; sourceTree = "<group>"; };
		F4983825158CA3640078AE93 /* FBLoginDialog.h */ = {isa = PBXFileReference; fileEncoding = 4; lastKnownFileType = sourcecode.c.h; path = FBLoginDialog.h; sourceTree = "<group>"; };
		F4983826158CA3640078AE93 /* FBRequest.h */ = {isa = PBXFileReference; fileEncoding = 4; lastKnownFileType = sourcecode.c.h; path = FBRequest.h; sourceTree = "<group>"; };
		F4983827158CA3640078AE93 /* JSON.h */ = {isa = PBXFileReference; fileEncoding = 4; lastKnownFileType = sourcecode.c.h; path = JSON.h; sourceTree = "<group>"; };
		F4983828158CA3640078AE93 /* libfacebook_ios_sdk.a */ = {isa = PBXFileReference; lastKnownFileType = archive.ar; path = libfacebook_ios_sdk.a; sourceTree = "<group>"; };
		F4983829158CA3640078AE93 /* NSObject+SBJSON.h */ = {isa = PBXFileReference; fileEncoding = 4; lastKnownFileType = sourcecode.c.h; path = "NSObject+SBJSON.h"; sourceTree = "<group>"; };
		F498382A158CA3640078AE93 /* NSString+SBJSON.h */ = {isa = PBXFileReference; fileEncoding = 4; lastKnownFileType = sourcecode.c.h; path = "NSString+SBJSON.h"; sourceTree = "<group>"; };
		F498382B158CA3640078AE93 /* SBJSON.h */ = {isa = PBXFileReference; fileEncoding = 4; lastKnownFileType = sourcecode.c.h; path = SBJSON.h; sourceTree = "<group>"; };
		F498382C158CA3640078AE93 /* SBJsonBase.h */ = {isa = PBXFileReference; fileEncoding = 4; lastKnownFileType = sourcecode.c.h; path = SBJsonBase.h; sourceTree = "<group>"; };
		F498382D158CA3640078AE93 /* SBJsonParser.h */ = {isa = PBXFileReference; fileEncoding = 4; lastKnownFileType = sourcecode.c.h; path = SBJsonParser.h; sourceTree = "<group>"; };
		F498382E158CA3640078AE93 /* SBJsonWriter.h */ = {isa = PBXFileReference; fileEncoding = 4; lastKnownFileType = sourcecode.c.h; path = SBJsonWriter.h; sourceTree = "<group>"; };
		F4983832158CAD880078AE93 /* SNSFBMenuViewController.h */ = {isa = PBXFileReference; fileEncoding = 4; lastKnownFileType = sourcecode.c.h; path = SNSFBMenuViewController.h; sourceTree = "<group>"; };
		F4983833158CAD880078AE93 /* SNSFBMenuViewController.m */ = {isa = PBXFileReference; fileEncoding = 4; lastKnownFileType = sourcecode.c.objc; path = SNSFBMenuViewController.m; sourceTree = "<group>"; };
		F4983835158CAE3E0078AE93 /* FBConnect.bundle */ = {isa = PBXFileReference; lastKnownFileType = "wrapper.plug-in"; path = FBConnect.bundle; sourceTree = "<group>"; };
		F4983837158CC8100078AE93 /* FBOGUtility.h */ = {isa = PBXFileReference; lastKnownFileType = sourcecode.c.h; path = FBOGUtility.h; sourceTree = "<group>"; };
		F4983838158CC8100078AE93 /* FBOGUtility.m */ = {isa = PBXFileReference; lastKnownFileType = sourcecode.c.objc; path = FBOGUtility.m; sourceTree = "<group>"; };
		F4B1D6DF158ADDAF0080BFEA /* blockquote.png */ = {isa = PBXFileReference; lastKnownFileType = image.png; path = blockquote.png; sourceTree = "<group>"; };
		F4B1D6E0158ADDAF0080BFEA /* blockquote@2x.png */ = {isa = PBXFileReference; lastKnownFileType = image.png; path = "blockquote@2x.png"; sourceTree = "<group>"; };
		F4B1D6E4158ADDCA0080BFEA /* camera.png */ = {isa = PBXFileReference; lastKnownFileType = image.png; path = camera.png; sourceTree = "<group>"; };
		F4B1D6E5158ADDCA0080BFEA /* camera@2x.png */ = {isa = PBXFileReference; lastKnownFileType = image.png; path = "camera@2x.png"; sourceTree = "<group>"; };
		F4B1D6E8158ADF2D0080BFEA /* paint.png */ = {isa = PBXFileReference; lastKnownFileType = image.png; path = paint.png; sourceTree = "<group>"; };
		F4B1D6EA158ADF560080BFEA /* paint@2x.png */ = {isa = PBXFileReference; lastKnownFileType = image.png; path = "paint@2x.png"; sourceTree = "<group>"; };
		F4B1D6FA158AE4630080BFEA /* cross.png */ = {isa = PBXFileReference; lastKnownFileType = image.png; path = cross.png; sourceTree = "<group>"; };
		F4B1D6FC158AE4930080BFEA /* cross@2x.png */ = {isa = PBXFileReference; lastKnownFileType = image.png; path = "cross@2x.png"; sourceTree = "<group>"; };
		F4B1D6FE158AF1B90080BFEA /* ImageQuoteComposerViewController.h */ = {isa = PBXFileReference; fileEncoding = 4; lastKnownFileType = sourcecode.c.h; path = ImageQuoteComposerViewController.h; sourceTree = "<group>"; };
		F4B1D6FF158AF1B90080BFEA /* ImageQuoteComposerViewController.m */ = {isa = PBXFileReference; fileEncoding = 4; lastKnownFileType = sourcecode.c.objc; path = ImageQuoteComposerViewController.m; sourceTree = "<group>"; };
		F4B1D701158AF1DF0080BFEA /* DZUISimpleColorPickerViewController.h */ = {isa = PBXFileReference; fileEncoding = 4; lastKnownFileType = sourcecode.c.h; path = DZUISimpleColorPickerViewController.h; sourceTree = "<group>"; };
		F4B1D702158AF1DF0080BFEA /* DZUISimpleColorPickerViewController.m */ = {isa = PBXFileReference; fileEncoding = 4; lastKnownFileType = sourcecode.c.objc; path = DZUISimpleColorPickerViewController.m; sourceTree = "<group>"; };
		F4B1D704158AF2220080BFEA /* DZUISimpleViewControllerDelegate.h */ = {isa = PBXFileReference; lastKnownFileType = sourcecode.c.h; path = DZUISimpleViewControllerDelegate.h; sourceTree = "<group>"; };
		F4B1D707158B1A810080BFEA /* font.png */ = {isa = PBXFileReference; lastKnownFileType = image.png; path = font.png; sourceTree = "<group>"; };
		F4B1D709158B1AA90080BFEA /* font@2x.png */ = {isa = PBXFileReference; lastKnownFileType = image.png; path = "font@2x.png"; sourceTree = "<group>"; };
		F4B1D71F158B26F60080BFEA /* DZUIFontPickerViewController.h */ = {isa = PBXFileReference; fileEncoding = 4; lastKnownFileType = sourcecode.c.h; path = DZUIFontPickerViewController.h; sourceTree = "<group>"; };
		F4B1D720158B26F60080BFEA /* DZUIFontPickerViewController.m */ = {isa = PBXFileReference; fileEncoding = 4; lastKnownFileType = sourcecode.c.objc; path = DZUIFontPickerViewController.m; sourceTree = "<group>"; };
		F4B1D722158B2E630080BFEA /* DZUIFontPreviewCell.h */ = {isa = PBXFileReference; fileEncoding = 4; lastKnownFileType = sourcecode.c.h; path = DZUIFontPreviewCell.h; sourceTree = "<group>"; };
		F4B1D723158B2E640080BFEA /* DZUIFontPreviewCell.m */ = {isa = PBXFileReference; fileEncoding = 4; lastKnownFileType = sourcecode.c.objc; path = DZUIFontPreviewCell.m; sourceTree = "<group>"; };
		F4F0DB31157CB58E00D03BA5 /* TwitterTimelineViewController.h */ = {isa = PBXFileReference; fileEncoding = 4; lastKnownFileType = sourcecode.c.h; path = TwitterTimelineViewController.h; sourceTree = "<group>"; };
		F4F0DB32157CB58E00D03BA5 /* TwitterTimelineViewController.m */ = {isa = PBXFileReference; fileEncoding = 4; lastKnownFileType = sourcecode.c.objc; path = TwitterTimelineViewController.m; sourceTree = "<group>"; };
		F4F0DB35157CB5AE00D03BA5 /* TwitterStatusCell.h */ = {isa = PBXFileReference; fileEncoding = 4; lastKnownFileType = sourcecode.c.h; path = TwitterStatusCell.h; sourceTree = "<group>"; };
		F4F0DB36157CB5AE00D03BA5 /* TwitterStatusCell.m */ = {isa = PBXFileReference; fileEncoding = 4; lastKnownFileType = sourcecode.c.objc; path = TwitterStatusCell.m; sourceTree = "<group>"; };
/* End PBXFileReference section */

/* Begin PBXFrameworksBuildPhase section */
		F44D556C1578B7FB000FB764 /* Frameworks */ = {
			isa = PBXFrameworksBuildPhase;
			buildActionMask = 2147483647;
			files = (
				F4745C40157C78080058461D /* MobileCoreServices.framework in Frameworks */,
				F44D559C1578BB70000FB764 /* Accounts.framework in Frameworks */,
				F44D559A1578BB59000FB764 /* Twitter.framework in Frameworks */,
				F44D55741578B7FB000FB764 /* UIKit.framework in Frameworks */,
				F44D55761578B7FB000FB764 /* Foundation.framework in Frameworks */,
				F44D55781578B7FB000FB764 /* CoreGraphics.framework in Frameworks */,
				F4983830158CA3640078AE93 /* libfacebook_ios_sdk.a in Frameworks */,
			);
			runOnlyForDeploymentPostprocessing = 0;
		};
/* End PBXFrameworksBuildPhase section */

/* Begin PBXGroup section */
		F44D55641578B7FB000FB764 = {
			isa = PBXGroup;
			children = (
				F498381F158CA3640078AE93 /* facebook-ios-sdk */,
				F44D55791578B7FB000FB764 /* SNSClient */,
				F44D55721578B7FB000FB764 /* Frameworks */,
				F44D55701578B7FB000FB764 /* Products */,
			);
			sourceTree = "<group>";
		};
		F44D55701578B7FB000FB764 /* Products */ = {
			isa = PBXGroup;
			children = (
				F44D556F1578B7FB000FB764 /* SNSClient.app */,
			);
			name = Products;
			sourceTree = "<group>";
		};
		F44D55721578B7FB000FB764 /* Frameworks */ = {
			isa = PBXGroup;
			children = (
				F4745C3F157C78080058461D /* MobileCoreServices.framework */,
				F4745C3D157C77E90058461D /* CoreImage.framework */,
				F44D559B1578BB70000FB764 /* Accounts.framework */,
				F44D55991578BB59000FB764 /* Twitter.framework */,
				F44D55731578B7FB000FB764 /* UIKit.framework */,
				F44D55751578B7FB000FB764 /* Foundation.framework */,
				F44D55771578B7FB000FB764 /* CoreGraphics.framework */,
			);
			name = Frameworks;
			sourceTree = "<group>";
		};
		F44D55791578B7FB000FB764 /* SNSClient */ = {
			isa = PBXGroup;
			children = (
				F44D55821578B7FB000FB764 /* SNSClientAppDelegate.h */,
				F44D55831578B7FB000FB764 /* SNSClientAppDelegate.m */,
				F44D55851578B7FB000FB764 /* MainStoryboard_iPhone.storyboard */,
				F44D55881578B7FB000FB764 /* MainStoryboard_iPad.storyboard */,
				F44D557A1578B7FB000FB764 /* Supporting Files */,
				F44D55961578BB2C000FB764 /* TwitterClientUtility.h */,
				F44D55971578BB2C000FB764 /* TwitterClientUtility.m */,
				F4983837158CC8100078AE93 /* FBOGUtility.h */,
				F4983838158CC8100078AE93 /* FBOGUtility.m */,
				F4745C43157C7D1E0058461D /* ViewControllers */,
				F4745C41157C7CFA0058461D /* Images */,
				F4745C42157C7D090058461D /* Utilities */,
			);
			name = SNSClient;
			path = TwitterClient;
			sourceTree = "<group>";
		};
		F44D557A1578B7FB000FB764 /* Supporting Files */ = {
			isa = PBXGroup;
			children = (
				F44D557B1578B7FB000FB764 /* SNSClient-Info.plist */,
				F44D557C1578B7FB000FB764 /* InfoPlist.strings */,
				F44D557F1578B7FB000FB764 /* main.m */,
				F44D55811578B7FB000FB764 /* SNSClient-Prefix.pch */,
			);
			name = "Supporting Files";
			sourceTree = "<group>";
		};
		F4745C41157C7CFA0058461D /* Images */ = {
			isa = PBXGroup;
			children = (
				F4983815158C97C70078AE93 /* facebook.png */,
				F4983816158C97C70078AE93 /* facebook@2x.png */,
				F4983817158C97C70078AE93 /* Twitter.png */,
				F4983818158C97C70078AE93 /* Twitter@2x.png */,
				F4B1D707158B1A810080BFEA /* font.png */,
				F4B1D709158B1AA90080BFEA /* font@2x.png */,
				F4B1D6FA158AE4630080BFEA /* cross.png */,
				F4B1D6FC158AE4930080BFEA /* cross@2x.png */,
				F4B1D6E8158ADF2D0080BFEA /* paint.png */,
				F4B1D6EA158ADF560080BFEA /* paint@2x.png */,
				F4B1D6E4158ADDCA0080BFEA /* camera.png */,
				F4B1D6E5158ADDCA0080BFEA /* camera@2x.png */,
				F4B1D6DF158ADDAF0080BFEA /* blockquote.png */,
				F4B1D6E0158ADDAF0080BFEA /* blockquote@2x.png */,
				F44D55A11578C52E000FB764 /* LoginNormal.png */,
				F44D55A21578C52E000FB764 /* LoginNormal@2x.png */,
			);
			name = Images;
			sourceTree = "<group>";
		};
		F4745C42157C7D090058461D /* Utilities */ = {
			isa = PBXGroup;
			children = (
				F44D55AC1579F3BE000FB764 /* Base64Encoder.h */,
				F44D55AD1579F3BE000FB764 /* Base64Encoder.m */,
				F4745C36157C68280058461D /* DZUIAlertUtility.h */,
				F4745C33157C68130058461D /* DZUIAlertUtility.m */,
				F4745C37157C68500058461D /* DZUIImagePickerUtility.h */,
				F4745C38157C68500058461D /* DZUIImagePickerUtility.m */,
				F4745C3C157C68620058461D /* DZUIActivityIndicatorUtility.h */,
				F4745C39157C68500058461D /* DZUIActivityIndicatorUtility.m */,
			);
			name = Utilities;
			sourceTree = "<group>";
		};
		F4745C43157C7D1E0058461D /* ViewControllers */ = {
			isa = PBXGroup;
			children = (
				F4983831158CAD660078AE93 /* Facebook */,
				F498381E158C98A50078AE93 /* Twitter */,
				F4B1D6FE158AF1B90080BFEA /* ImageQuoteComposerViewController.h */,
				F4B1D6FF158AF1B90080BFEA /* ImageQuoteComposerViewController.m */,
				F4B1D701158AF1DF0080BFEA /* DZUISimpleColorPickerViewController.h */,
				F4B1D702158AF1DF0080BFEA /* DZUISimpleColorPickerViewController.m */,
				F4B1D704158AF2220080BFEA /* DZUISimpleViewControllerDelegate.h */,
				F4B1D71F158B26F60080BFEA /* DZUIFontPickerViewController.h */,
				F4B1D720158B26F60080BFEA /* DZUIFontPickerViewController.m */,
				F4B1D722158B2E630080BFEA /* DZUIFontPreviewCell.h */,
				F4B1D723158B2E640080BFEA /* DZUIFontPreviewCell.m */,
			);
			name = ViewControllers;
			sourceTree = "<group>";
		};
		F498381E158C98A50078AE93 /* Twitter */ = {
			isa = PBXGroup;
			children = (
				F44D55931578BADC000FB764 /* TwitterClientMenuViewController.h */,
				F44D55941578BADC000FB764 /* TwitterClientMenuViewController.m */,
				F44D55CC157BAF73000FB764 /* TwitterAccountsViewController.h */,
				F44D55CD157BAF73000FB764 /* TwitterAccountsViewController.m */,
				F4745C44157C7D5C0058461D /* SimpleImageViewController.h */,
				F4745C45157C7D5C0058461D /* SimpleImageViewController.m */,
				F4F0DB31157CB58E00D03BA5 /* TwitterTimelineViewController.h */,
				F4F0DB32157CB58E00D03BA5 /* TwitterTimelineViewController.m */,
				F4F0DB35157CB5AE00D03BA5 /* TwitterStatusCell.h */,
				F4F0DB36157CB5AE00D03BA5 /* TwitterStatusCell.m */,
			);
			name = Twitter;
			sourceTree = "<group>";
		};
		F498381F158CA3640078AE93 /* facebook-ios-sdk */ = {
			isa = PBXGroup;
			children = (
				F4983835158CAE3E0078AE93 /* FBConnect.bundle */,
				F4983820158CA3640078AE93 /* Facebook.h */,
				F4983821158CA3640078AE93 /* FBConnect.h */,
				F4983822158CA3640078AE93 /* FBDialog.bundle */,
				F4983823158CA3640078AE93 /* FBDialog.h */,
				F4983824158CA3640078AE93 /* FBFrictionlessRequestSettings.h */,
				F4983825158CA3640078AE93 /* FBLoginDialog.h */,
				F4983826158CA3640078AE93 /* FBRequest.h */,
				F4983827158CA3640078AE93 /* JSON.h */,
				F4983828158CA3640078AE93 /* libfacebook_ios_sdk.a */,
				F4983829158CA3640078AE93 /* NSObject+SBJSON.h */,
				F498382A158CA3640078AE93 /* NSString+SBJSON.h */,
				F498382B158CA3640078AE93 /* SBJSON.h */,
				F498382C158CA3640078AE93 /* SBJsonBase.h */,
				F498382D158CA3640078AE93 /* SBJsonParser.h */,
				F498382E158CA3640078AE93 /* SBJsonWriter.h */,
			);
			name = "facebook-ios-sdk";
			path = "../Facebook/Git/lib/facebook-ios-sdk";
			sourceTree = "<group>";
		};
		F4983831158CAD660078AE93 /* Facebook */ = {
			isa = PBXGroup;
			children = (
				F4983832158CAD880078AE93 /* SNSFBMenuViewController.h */,
				F4983833158CAD880078AE93 /* SNSFBMenuViewController.m */,
			);
			name = Facebook;
			sourceTree = "<group>";
		};
/* End PBXGroup section */

/* Begin PBXNativeTarget section */
		F44D556E1578B7FB000FB764 /* SNSClient */ = {
			isa = PBXNativeTarget;
			buildConfigurationList = F44D55901578B7FB000FB764 /* Build configuration list for PBXNativeTarget "SNSClient" */;
			buildPhases = (
				F44D556B1578B7FB000FB764 /* Sources */,
				F44D556C1578B7FB000FB764 /* Frameworks */,
				F44D556D1578B7FB000FB764 /* Resources */,
			);
			buildRules = (
			);
			dependencies = (
			);
			name = SNSClient;
			productName = TwitterClient;
			productReference = F44D556F1578B7FB000FB764 /* SNSClient.app */;
			productType = "com.apple.product-type.application";
		};
/* End PBXNativeTarget section */

/* Begin PBXProject section */
		F44D55661578B7FB000FB764 /* Project object */ = {
			isa = PBXProject;
			attributes = {
				CLASSPREFIX = SNS;
				LastUpgradeCheck = 0430;
				ORGANIZATIONNAME = iosappdev.co.kr;
			};
			buildConfigurationList = F44D55691578B7FB000FB764 /* Build configuration list for PBXProject "SNSClient" */;
			compatibilityVersion = "Xcode 3.2";
			developmentRegion = English;
			hasScannedForEncodings = 0;
			knownRegions = (
				en,
			);
			mainGroup = F44D55641578B7FB000FB764;
			productRefGroup = F44D55701578B7FB000FB764 /* Products */;
			projectDirPath = "";
			projectRoot = "";
			targets = (
				F44D556E1578B7FB000FB764 /* SNSClient */,
			);
		};
/* End PBXProject section */

/* Begin PBXResourcesBuildPhase section */
		F44D556D1578B7FB000FB764 /* Resources */ = {
			isa = PBXResourcesBuildPhase;
			buildActionMask = 2147483647;
			files = (
				F44D557E1578B7FB000FB764 /* InfoPlist.strings in Resources */,
				F44D55871578B7FB000FB764 /* MainStoryboard_iPhone.storyboard in Resources */,
				F44D558A1578B7FB000FB764 /* MainStoryboard_iPad.storyboard in Resources */,
				F44D55A31578C52E000FB764 /* LoginNormal.png in Resources */,
				F44D55A41578C52E000FB764 /* LoginNormal@2x.png in Resources */,
				F4B1D6E1158ADDAF0080BFEA /* blockquote.png in Resources */,
				F4B1D6E2158ADDAF0080BFEA /* blockquote@2x.png in Resources */,
				F4B1D6E6158ADDCA0080BFEA /* camera.png in Resources */,
				F4B1D6E7158ADDCA0080BFEA /* camera@2x.png in Resources */,
				F4B1D6E9158ADF2D0080BFEA /* paint.png in Resources */,
				F4B1D6EB158ADF560080BFEA /* paint@2x.png in Resources */,
				F4B1D6FB158AE4630080BFEA /* cross.png in Resources */,
				F4B1D6FD158AE4930080BFEA /* cross@2x.png in Resources */,
				F4B1D708158B1A810080BFEA /* font.png in Resources */,
				F4B1D70A158B1AA90080BFEA /* font@2x.png in Resources */,
				F4983819158C97C70078AE93 /* facebook.png in Resources */,
				F498381A158C97C70078AE93 /* facebook@2x.png in Resources */,
				F498381B158C97C70078AE93 /* Twitter.png in Resources */,
				F498381C158C97C70078AE93 /* Twitter@2x.png in Resources */,
				F498382F158CA3640078AE93 /* FBDialog.bundle in Resources */,
				F4983836158CAE3E0078AE93 /* FBConnect.bundle in Resources */,
			);
			runOnlyForDeploymentPostprocessing = 0;
		};
/* End PBXResourcesBuildPhase section */

/* Begin PBXSourcesBuildPhase section */
		F44D556B1578B7FB000FB764 /* Sources */ = {
			isa = PBXSourcesBuildPhase;
			buildActionMask = 2147483647;
			files = (
				F44D55801578B7FB000FB764 /* main.m in Sources */,
				F44D55841578B7FB000FB764 /* SNSClientAppDelegate.m in Sources */,
				F44D55951578BADC000FB764 /* TwitterClientMenuViewController.m in Sources */,
				F44D55981578BB2C000FB764 /* TwitterClientUtility.m in Sources */,
				F44D55AE1579F487000FB764 /* Base64Encoder.m in Sources */,
				F44D55CE157BAF73000FB764 /* TwitterAccountsViewController.m in Sources */,
				F4745C34157C68130058461D /* DZUIAlertUtility.m in Sources */,
				F4745C3A157C68500058461D /* DZUIImagePickerUtility.m in Sources */,
				F4745C3B157C68500058461D /* DZUIActivityIndicatorUtility.m in Sources */,
				F4745C46157C7D5C0058461D /* SimpleImageViewController.m in Sources */,
				F4F0DB33157CB58E00D03BA5 /* TwitterTimelineViewController.m in Sources */,
				F4F0DB37157CB5AE00D03BA5 /* TwitterStatusCell.m in Sources */,
				F4B1D700158AF1BA0080BFEA /* ImageQuoteComposerViewController.m in Sources */,
				F4B1D703158AF1DF0080BFEA /* DZUISimpleColorPickerViewController.m in Sources */,
				F4B1D721158B26F60080BFEA /* DZUIFontPickerViewController.m in Sources */,
				F4B1D724158B2E640080BFEA /* DZUIFontPreviewCell.m in Sources */,
				F4983834158CAD880078AE93 /* SNSFBMenuViewController.m in Sources */,
				F4983839158CCD960078AE93 /* FBOGUtility.m in Sources */,
			);
			runOnlyForDeploymentPostprocessing = 0;
		};
/* End PBXSourcesBuildPhase section */

/* Begin PBXVariantGroup section */
		F44D557C1578B7FB000FB764 /* InfoPlist.strings */ = {
			isa = PBXVariantGroup;
			children = (
				F44D557D1578B7FB000FB764 /* en */,
			);
			name = InfoPlist.strings;
			sourceTree = "<group>";
		};
		F44D55851578B7FB000FB764 /* MainStoryboard_iPhone.storyboard */ = {
			isa = PBXVariantGroup;
			children = (
				F44D55861578B7FB000FB764 /* en */,
			);
			name = MainStoryboard_iPhone.storyboard;
			sourceTree = "<group>";
		};
		F44D55881578B7FB000FB764 /* MainStoryboard_iPad.storyboard */ = {
			isa = PBXVariantGroup;
			children = (
				F44D55891578B7FB000FB764 /* en */,
			);
			name = MainStoryboard_iPad.storyboard;
			sourceTree = "<group>";
		};
/* End PBXVariantGroup section */

/* Begin XCBuildConfiguration section */
		F44D558E1578B7FB000FB764 /* Debug */ = {
			isa = XCBuildConfiguration;
			buildSettings = {
				ALWAYS_SEARCH_USER_PATHS = NO;
				ARCHS = "$(ARCHS_STANDARD_32_BIT)";
				CLANG_ENABLE_OBJC_ARC = YES;
				"CODE_SIGN_IDENTITY[sdk=iphoneos*]" = "iPhone Developer";
				COPY_PHASE_STRIP = NO;
				GCC_C_LANGUAGE_STANDARD = gnu99;
				GCC_DYNAMIC_NO_PIC = NO;
				GCC_OPTIMIZATION_LEVEL = 0;
				GCC_PREPROCESSOR_DEFINITIONS = (
					"DEBUG=1",
					"$(inherited)",
				);
				GCC_SYMBOLS_PRIVATE_EXTERN = NO;
				GCC_VERSION = com.apple.compilers.llvm.clang.1_0;
				GCC_WARN_ABOUT_RETURN_TYPE = YES;
				GCC_WARN_UNINITIALIZED_AUTOS = YES;
				GCC_WARN_UNUSED_VARIABLE = YES;
				IPHONEOS_DEPLOYMENT_TARGET = 5.1;
				SDKROOT = iphoneos;
				TARGETED_DEVICE_FAMILY = "1,2";
			};
			name = Debug;
		};
		F44D558F1578B7FB000FB764 /* Release */ = {
			isa = XCBuildConfiguration;
			buildSettings = {
				ALWAYS_SEARCH_USER_PATHS = NO;
				ARCHS = "$(ARCHS_STANDARD_32_BIT)";
				CLANG_ENABLE_OBJC_ARC = YES;
				"CODE_SIGN_IDENTITY[sdk=iphoneos*]" = "iPhone Developer";
				COPY_PHASE_STRIP = YES;
				GCC_C_LANGUAGE_STANDARD = gnu99;
				GCC_VERSION = com.apple.compilers.llvm.clang.1_0;
				GCC_WARN_ABOUT_RETURN_TYPE = YES;
				GCC_WARN_UNINITIALIZED_AUTOS = YES;
				GCC_WARN_UNUSED_VARIABLE = YES;
				IPHONEOS_DEPLOYMENT_TARGET = 5.1;
				OTHER_CFLAGS = "-DNS_BLOCK_ASSERTIONS=1";
				SDKROOT = iphoneos;
				TARGETED_DEVICE_FAMILY = "1,2";
				VALIDATE_PRODUCT = YES;
			};
			name = Release;
		};
		F44D55911578B7FB000FB764 /* Debug */ = {
			isa = XCBuildConfiguration;
			buildSettings = {
				GCC_PRECOMPILE_PREFIX_HEADER = YES;
				GCC_PREFIX_HEADER = "TwitterClient/SNSClient-Prefix.pch";
				INFOPLIST_FILE = "TwitterClient/SNSClient-Info.plist";
				LIBRARY_SEARCH_PATHS = (
					"$(inherited)",
					"\"$(SRCROOT)/../Facebook/Git/lib/facebook-ios-sdk\"",
				);
				PRODUCT_NAME = SNSClient;
				WRAPPER_EXTENSION = app;
			};
			name = Debug;
		};
		F44D55921578B7FB000FB764 /* Release */ = {
			isa = XCBuildConfiguration;
			buildSettings = {
				GCC_PRECOMPILE_PREFIX_HEADER = YES;
				GCC_PREFIX_HEADER = "TwitterClient/SNSClient-Prefix.pch";
				INFOPLIST_FILE = "TwitterClient/SNSClient-Info.plist";
				LIBRARY_SEARCH_PATHS = (
					"$(inherited)",
					"\"$(SRCROOT)/../Facebook/Git/lib/facebook-ios-sdk\"",
				);
				PRODUCT_NAME = SNSClient;
				WRAPPER_EXTENSION = app;
			};
			name = Release;
		};
/* End XCBuildConfiguration section */

/* Begin XCConfigurationList section */
		F44D55691578B7FB000FB764 /* Build configuration list for PBXProject "SNSClient" */ = {
			isa = XCConfigurationList;
			buildConfigurations = (
				F44D558E1578B7FB000FB764 /* Debug */,
				F44D558F1578B7FB000FB764 /* Release */,
			);
			defaultConfigurationIsVisible = 0;
			defaultConfigurationName = Release;
		};
		F44D55901578B7FB000FB764 /* Build configuration list for PBXNativeTarget "SNSClient" */ = {
			isa = XCConfigurationList;
			buildConfigurations = (
				F44D55911578B7FB000FB764 /* Debug */,
				F44D55921578B7FB000FB764 /* Release */,
			);
			defaultConfigurationIsVisible = 0;
			defaultConfigurationName = Release;
		};
/* End XCConfigurationList section */
	};
	rootObject = F44D55661578B7FB000FB764 /* Project object */;
}
